
Microsoft Visual Studio Solution File, Format Version 12.00
# Visual Studio Version 17
VisualStudioVersion = 17.14.36127.28 d17.14
MinimumVisualStudioVersion = 10.0.40219.1
Project("{FAE04EC0-301F-11D3-BF4B-00C04F79EFBC}") = "PawnHub", "PawnHub\PawnHub.csproj", "{FCB74A7C-0916-4C0F-8824-F73DC5ABF281}"
EndProject
Global
	GlobalSection(SolutionConfigurationPlatforms) = preSolution
		Debug|Any CPU = Debug|Any CPU
		Release|Any CPU = Release|Any CPU
	EndGlobalSection
	GlobalSection(ProjectConfigurationPlatforms) = postSolution
		{FCB74A7C-0916-4C0F-8824-F73DC5ABF281}.Debug|Any CPU.ActiveCfg = Debug|Any CPU
		{FCB74A7C-0916-4C0F-8824-F73DC5ABF281}.Debug|Any CPU.Build.0 = Debug|Any CPU
		{FCB74A7C-0916-4C0F-8824-F73DC5ABF281}.Release|Any CPU.ActiveCfg = Release|Any CPU
		{FCB74A7C-0916-4C0F-8824-F73DC5ABF281}.Release|Any CPU.Build.0 = Release|Any CPU
	EndGlobalSection
	GlobalSection(SolutionProperties) = preSolution
		HideSolutionNode = FALSE
	EndGlobalSection
	GlobalSection(ExtensibilityGlobals) = postSolution
		SolutionGuid = {EB90A0AA-B850-4C1A-820E-6D519FC78E31}
	EndGlobalSection
EndGlobal
